
Microsoft Visual Studio Solution File, Format Version 12.00
# Visual Studio Version 17
VisualStudioVersion = 17.3.32929.385
MinimumVisualStudioVersion = 10.0.40219.1
Project("{8BC9CEB8-8B4A-11D0-8D11-00A0C91BC942}") = "Ping Pong Game", "Ping Pong Game.vcxproj", "{DAE1ACBA-DF29-4D89-9A80-489A1DDFC621}"
EndProject
Global
	GlobalSection(SolutionConfigurationPlatforms) = preSolution
		Debug|x64 = Debug|x64
		Debug|x86 = Debug|x86
		Release|x64 = Release|x64
		Release|x86 = Release|x86
	EndGlobalSection
	GlobalSection(ProjectConfigurationPlatforms) = postSolution
		{DAE1ACBA-DF29-4D89-9A80-489A1DDFC621}.Debug|x64.ActiveCfg = Debug|x64
		{DAE1ACBA-DF29-4D89-9A80-489A1DDFC621}.Debug|x64.Build.0 = Debug|x64
		{DAE1ACBA-DF29-4D89-9A80-489A1DDFC621}.Debug|x86.ActiveCfg = Debug|Win32
		{DAE1ACBA-DF29-4D89-9A80-489A1DDFC621}.Debug|x86.Build.0 = Debug|Win32
		{DAE1ACBA-DF29-4D89-9A80-489A1DDFC621}.Release|x64.ActiveCfg = Release|x64
		{DAE1ACBA-DF29-4D89-9A80-489A1DDFC621}.Release|x64.Build.0 = Release|x64
		{DAE1ACBA-DF29-4D89-9A80-489A1DDFC621}.Release|x86.ActiveCfg = Release|Win32
		{DAE1ACBA-DF29-4D89-9A80-489A1DDFC621}.Release|x86.Build.0 = Release|Win32
	EndGlobalSection
	GlobalSection(SolutionProperties) = preSolution
		HideSolutionNode = FALSE
	EndGlobalSection
	GlobalSection(ExtensibilityGlobals) = postSolution
		SolutionGuid = {8B27B1C1-FD9F-4186-AEAF-69CD1419ED07}
	EndGlobalSection
EndGlobal
